
Microsoft Visual Studio Solution File, Format Version 11.00
# Visual Studio 2010
Project("{FAE04EC0-301F-11D3-BF4B-00C04F79EFBC}") = "PhotonUnityNetworking.Demos", "PhotonUnityNetworking.Demos.csproj", "{CA052D73-C264-7CAB-9BC4-97EE925F3DDB}"
EndProject
Project("{FAE04EC0-301F-11D3-BF4B-00C04F79EFBC}") = "PhotonUnityNetworking.Utilities", "PhotonUnityNetworking.Utilities.csproj", "{ACCB80DD-7DC6-A3FC-65AC-7BBC8E97C8CA}"
EndProject
Project("{FAE04EC0-301F-11D3-BF4B-00C04F79EFBC}") = "PhotonChat", "PhotonChat.csproj", "{47FA65D6-648D-61AD-9CA5-899FBE0C06A4}"
EndProject
Project("{FAE04EC0-301F-11D3-BF4B-00C04F79EFBC}") = "PhotonUnityNetworking", "PhotonUnityNetworking.csproj", "{655CE34F-5423-DED4-3824-298A5D21EF76}"
EndProject
Project("{FAE04EC0-301F-11D3-BF4B-00C04F79EFBC}") = "Assembly-CSharp", "Assembly-CSharp.csproj", "{DDEF2E0A-5C3A-95E3-CBE5-C1365615EF7B}"
EndProject
Project("{FAE04EC0-301F-11D3-BF4B-00C04F79EFBC}") = "PhotonRealtime", "PhotonRealtime.csproj", "{A2084E4E-0CE8-7D60-EE78-7DCCE98FC256}"
EndProject
Project("{FAE04EC0-301F-11D3-BF4B-00C04F79EFBC}") = "PhotonWebSocket", "PhotonWebSocket.csproj", "{1C1CFBA3-4511-0F78-DC7A-8E5ABCB69075}"
EndProject
Project("{FAE04EC0-301F-11D3-BF4B-00C04F79EFBC}") = "PhotonUnityNetworking.Editor", "PhotonUnityNetworking.Editor.csproj", "{9C31C4AC-C736-888C-E797-A82EA2E3A67D}"
EndProject
Project("{FAE04EC0-301F-11D3-BF4B-00C04F79EFBC}") = "PunDemos.DemoHubEditor", "PunDemos.DemoHubEditor.csproj", "{9909E291-EC49-BEEA-E1CF-740C97A437FC}"
EndProject
Project("{FAE04EC0-301F-11D3-BF4B-00C04F79EFBC}") = "PhotonUnityNetworking.Utilities.PhotonPlayer.Editor", "PhotonUnityNetworking.Utilities.PhotonPlayer.Editor.csproj", "{C010D000-3A0F-89E7-817A-7E8B27ED683B}"
EndProject
Project("{FAE04EC0-301F-11D3-BF4B-00C04F79EFBC}") = "PhotonUnityNetworking.Utilities.Culling.Editor", "PhotonUnityNetworking.Utilities.Culling.Editor.csproj", "{FAEC2372-FF7F-5B5F-06E8-2709CC1A3905}"
EndProject
Project("{FAE04EC0-301F-11D3-BF4B-00C04F79EFBC}") = "PunDemos.DemoSlotcarEditor", "PunDemos.DemoSlotcarEditor.csproj", "{E1BBA9AF-68A1-5898-5ADB-EB368E3A9CFA}"
EndProject
Global
	GlobalSection(SolutionConfigurationPlatforms) = preSolution
		Debug|Any CPU = Debug|Any CPU
		Release|Any CPU = Release|Any CPU
	EndGlobalSection
	GlobalSection(ProjectConfigurationPlatforms) = postSolution
		{CA052D73-C264-7CAB-9BC4-97EE925F3DDB}.Debug|Any CPU.ActiveCfg = Debug|Any CPU
		{CA052D73-C264-7CAB-9BC4-97EE925F3DDB}.Debug|Any CPU.Build.0 = Debug|Any CPU
		{CA052D73-C264-7CAB-9BC4-97EE925F3DDB}.Release|Any CPU.ActiveCfg = Release|Any CPU
		{CA052D73-C264-7CAB-9BC4-97EE925F3DDB}.Release|Any CPU.Build.0 = Release|Any CPU
		{ACCB80DD-7DC6-A3FC-65AC-7BBC8E97C8CA}.Debug|Any CPU.ActiveCfg = Debug|Any CPU
		{ACCB80DD-7DC6-A3FC-65AC-7BBC8E97C8CA}.Debug|Any CPU.Build.0 = Debug|Any CPU
		{ACCB80DD-7DC6-A3FC-65AC-7BBC8E97C8CA}.Release|Any CPU.ActiveCfg = Release|Any CPU
		{ACCB80DD-7DC6-A3FC-65AC-7BBC8E97C8CA}.Release|Any CPU.Build.0 = Release|Any CPU
		{47FA65D6-648D-61AD-9CA5-899FBE0C06A4}.Debug|Any CPU.ActiveCfg = Debug|Any CPU
		{47FA65D6-648D-61AD-9CA5-899FBE0C06A4}.Debug|Any CPU.Build.0 = Debug|Any CPU
		{47FA65D6-648D-61AD-9CA5-899FBE0C06A4}.Release|Any CPU.ActiveCfg = Release|Any CPU
		{47FA65D6-648D-61AD-9CA5-899FBE0C06A4}.Release|Any CPU.Build.0 = Release|Any CPU
		{655CE34F-5423-DED4-3824-298A5D21EF76}.Debug|Any CPU.ActiveCfg = Debug|Any CPU
		{655CE34F-5423-DED4-3824-298A5D21EF76}.Debug|Any CPU.Build.0 = Debug|Any CPU
		{655CE34F-5423-DED4-3824-298A5D21EF76}.Release|Any CPU.ActiveCfg = Release|Any CPU
		{655CE34F-5423-DED4-3824-298A5D21EF76}.Release|Any CPU.Build.0 = Release|Any CPU
		{DDEF2E0A-5C3A-95E3-CBE5-C1365615EF7B}.Debug|Any CPU.ActiveCfg = Debug|Any CPU
		{DDEF2E0A-5C3A-95E3-CBE5-C1365615EF7B}.Debug|Any CPU.Build.0 = Debug|Any CPU
		{DDEF2E0A-5C3A-95E3-CBE5-C1365615EF7B}.Release|Any CPU.ActiveCfg = Release|Any CPU
		{DDEF2E0A-5C3A-95E3-CBE5-C1365615EF7B}.Release|Any CPU.Build.0 = Release|Any CPU
		{A2084E4E-0CE8-7D60-EE78-7DCCE98FC256}.Debug|Any CPU.ActiveCfg = Debug|Any CPU
		{A2084E4E-0CE8-7D60-EE78-7DCCE98FC256}.Debug|Any CPU.Build.0 = Debug|Any CPU
		{A2084E4E-0CE8-7D60-EE78-7DCCE98FC256}.Release|Any CPU.ActiveCfg = Release|Any CPU
		{A2084E4E-0CE8-7D60-EE78-7DCCE98FC256}.Release|Any CPU.Build.0 = Release|Any CPU
		{1C1CFBA3-4511-0F78-DC7A-8E5ABCB69075}.Debug|Any CPU.ActiveCfg = Debug|Any CPU
		{1C1CFBA3-4511-0F78-DC7A-8E5ABCB69075}.Debug|Any CPU.Build.0 = Debug|Any CPU
		{1C1CFBA3-4511-0F78-DC7A-8E5ABCB69075}.Release|Any CPU.ActiveCfg = Release|Any CPU
		{1C1CFBA3-4511-0F78-DC7A-8E5ABCB69075}.Release|Any CPU.Build.0 = Release|Any CPU
		{9C31C4AC-C736-888C-E797-A82EA2E3A67D}.Debug|Any CPU.ActiveCfg = Debug|Any CPU
		{9C31C4AC-C736-888C-E797-A82EA2E3A67D}.Debug|Any CPU.Build.0 = Debug|Any CPU
		{9C31C4AC-C736-888C-E797-A82EA2E3A67D}.Release|Any CPU.ActiveCfg = Release|Any CPU
		{9C31C4AC-C736-888C-E797-A82EA2E3A67D}.Release|Any CPU.Build.0 = Release|Any CPU
		{9909E291-EC49-BEEA-E1CF-740C97A437FC}.Debug|Any CPU.ActiveCfg = Debug|Any CPU
		{9909E291-EC49-BEEA-E1CF-740C97A437FC}.Debug|Any CPU.Build.0 = Debug|Any CPU
		{9909E291-EC49-BEEA-E1CF-740C97A437FC}.Release|Any CPU.ActiveCfg = Release|Any CPU
		{9909E291-EC49-BEEA-E1CF-740C97A437FC}.Release|Any CPU.Build.0 = Release|Any CPU
		{C010D000-3A0F-89E7-817A-7E8B27ED683B}.Debug|Any CPU.ActiveCfg = Debug|Any CPU
		{C010D000-3A0F-89E7-817A-7E8B27ED683B}.Debug|Any CPU.Build.0 = Debug|Any CPU
		{C010D000-3A0F-89E7-817A-7E8B27ED683B}.Release|Any CPU.ActiveCfg = Release|Any CPU
		{C010D000-3A0F-89E7-817A-7E8B27ED683B}.Release|Any CPU.Build.0 = Release|Any CPU
		{FAEC2372-FF7F-5B5F-06E8-2709CC1A3905}.Debug|Any CPU.ActiveCfg = Debug|Any CPU
		{FAEC2372-FF7F-5B5F-06E8-2709CC1A3905}.Debug|Any CPU.Build.0 = Debug|Any CPU
		{FAEC2372-FF7F-5B5F-06E8-2709CC1A3905}.Release|Any CPU.ActiveCfg = Release|Any CPU
		{FAEC2372-FF7F-5B5F-06E8-2709CC1A3905}.Release|Any CPU.Build.0 = Release|Any CPU
		{E1BBA9AF-68A1-5898-5ADB-EB368E3A9CFA}.Debug|Any CPU.ActiveCfg = Debug|Any CPU
		{E1BBA9AF-68A1-5898-5ADB-EB368E3A9CFA}.Debug|Any CPU.Build.0 = Debug|Any CPU
		{E1BBA9AF-68A1-5898-5ADB-EB368E3A9CFA}.Release|Any CPU.ActiveCfg = Release|Any CPU
		{E1BBA9AF-68A1-5898-5ADB-EB368E3A9CFA}.Release|Any CPU.Build.0 = Release|Any CPU
	EndGlobalSection
	GlobalSection(SolutionProperties) = preSolution
		HideSolutionNode = FALSE
	EndGlobalSection
EndGlobal
